
Microsoft Visual Studio Solution File, Format Version 12.00
# Visual Studio Version 17
VisualStudioVersion = 17.4.33213.308
MinimumVisualStudioVersion = 10.0.40219.1
Project("{FAE04EC0-301F-11D3-BF4B-00C04F79EFBC}") = "28_6", "28_6\28_6.csproj", "{B0775414-18E8-4286-B087-9725BA992EE9}"
EndProject
Global
	GlobalSection(SolutionConfigurationPlatforms) = preSolution
		Debug|Any CPU = Debug|Any CPU
		Release|Any CPU = Release|Any CPU
	EndGlobalSection
	GlobalSection(ProjectConfigurationPlatforms) = postSolution
		{B0775414-18E8-4286-B087-9725BA992EE9}.Debug|Any CPU.ActiveCfg = Debug|Any CPU
		{B0775414-18E8-4286-B087-9725BA992EE9}.Debug|Any CPU.Build.0 = Debug|Any CPU
		{B0775414-18E8-4286-B087-9725BA992EE9}.Release|Any CPU.ActiveCfg = Release|Any CPU
		{B0775414-18E8-4286-B087-9725BA992EE9}.Release|Any CPU.Build.0 = Release|Any CPU
	EndGlobalSection
	GlobalSection(SolutionProperties) = preSolution
		HideSolutionNode = FALSE
	EndGlobalSection
	GlobalSection(ExtensibilityGlobals) = postSolution
		SolutionGuid = {9157F879-334F-4144-8961-F1F916CBD370}
	EndGlobalSection
EndGlobal
